<?xml version="1.0" encoding="utf-8"?>
<Project ToolsVersion="4.0" xmlns="http://schemas.microsoft.com/developer/msbuild/2003">
  <ItemGroup>
    <Filter Include="Source Files">
      <UniqueIdentifier>{4FC737F1-C7A5-4376-A066-2A32D752A2FF}</UniqueIdentifier>
      <Extensions>cpp;c;cc;cxx;def;odl;idl;hpj;bat;asm;asmx</Extensions>
    </Filter>
    <Filter Include="Header Files">
      <UniqueIdentifier>{93995380-89BD-4b04-88EB-625FBE52EBFB}</UniqueIdentifier>
      <Extensions>h;hh;hpp;hxx;hm;inl;inc;ipp;xsd</Extensions>
    </Filter>
    <Filter Include="Resource Files">
      <UniqueIdentifier>{67DA6AB6-F800-4c08-8B7A-83BB121AAD01}</UniqueIdentifier>
      <Extensions>rc;ico;cur;bmp;dlg;rc2;rct;bin;rgs;gif;jpg;jpeg;jpe;resx;tiff;tif;png;wav;mfcribbon-ms</Extensions>
    </Filter>
  </ItemGroup>
  <ItemGroup>
    <ClInclude Include="Include\grid_common.h">
      <Filter>Header Files</Filter>
    </ClInclude>
    <ClInclude Include="Include\grid_path_solver.h">
      <Filter>Header Files</Filter>
    </ClInclude>
    <ClInclude Include="Include\imconfig-SFML.h">
      <Filter>Header Files</Filter>
    </ClInclude>
    <ClInclude Include="Include\imgui-SFML.h">
      <Filter>Header Files</Filter>
    </ClInclude>
    <ClInclude Include="Include\MQTT.h">
      <Filter>Header Files</Filter>
    </ClInclude>
    <ClInclude Include="Include\panel.h">
      <Filter>Header Files</Filter>
    </ClInclude>
    <ClInclude Include="Include\panel_base.h">
      <Filter>Header Files</Filter>
    </ClInclude>
    <ClInclude Include="Include\vertex_hash.h">
      <Filter>Header Files</Filter>
    </ClInclude>
    <ClInclude Include="Include\window.h">
      <Filter>Header Files</Filter>
    </ClInclude>
    <ClInclude Include="Include\callbacks.h">
      <Filter>Header Files</Filter>
    </ClInclude>
    <ClInclude Include="Include\grid_util.h">
      <Filter>Header Files</Filter>
    </ClInclude>
    <ClInclude Include="Include\clicks.h">
      <Filter>Header Files</Filter>
    </ClInclude>
    <ClInclude Include="Include\obstructable_grid.h">
      <Filter>Header Files</Filter>
    </ClInclude>
    <ClInclude Include="Include\slam_grid.h">
      <Filter>Header Files</Filter>
    </ClInclude>
    <ClInclude Include="Include\MQTT_panel.h">
      <Filter>Header Files</Filter>
    </ClInclude>
    <ClInclude Include="Include\slam_message.h">
      <Filter>Header Files</Filter>
    </ClInclude>
    <ClInclude Include="Include\path.h">
      <Filter>Header Files</Filter>
    </ClInclude>
    <ClInclude Include="Include\lines.h">
      <Filter>Header Files</Filter>
    </ClInclude>
    <ClInclude Include="Include\slam_utility.h">
      <Filter>Header Files</Filter>
    </ClInclude>
    <ClInclude Include="Include\animated_line.h">
      <Filter>Header Files</Filter>
    </ClInclude>
    <ClInclude Include="Include\robot.h">
      <Filter>Header Files</Filter>
    </ClInclude>
    <ClInclude Include="Include\updatable.h">
      <Filter>Header Files</Filter>
    </ClInclude>
    <ClInclude Include="Include\robots.h">
      <Filter>Header Files</Filter>
    </ClInclude>
    <ClInclude Include="Include\robot_simulation.h">
      <Filter>Header Files</Filter>
    </ClInclude>
    <ClInclude Include="Include\control_panel.h">
      <Filter>Header Files</Filter>
    </ClInclude>
    <ClInclude Include="Include\MQTT_utility.h">
      <Filter>Header Files</Filter>
    </ClInclude>
    <ClInclude Include="Include\grid.h">
      <Filter>Header Files</Filter>
    </ClInclude>
    <ClInclude Include="Include\squares.h">
      <Filter>Header Files</Filter>
    </ClInclude>
    <ClInclude Include="Include\square_grid.h">
      <Filter>Header Files</Filter>
    </ClInclude>
    <ClInclude Include="Include\particle.h">
      <Filter>Header Files</Filter>
    </ClInclude>
    <ClInclude Include="Include\simulation_panel.h">
      <Filter>Header Files</Filter>
    </ClInclude>
    <ClInclude Include="Include\init_robot_panel.h">
      <Filter>Header Files</Filter>
    </ClInclude>
    <ClInclude Include="Include\target_panel.h">
      <Filter>Header Files</Filter>
    </ClInclude>
    <ClInclude Include="resource.h">
      <Filter>Header Files</Filter>
    </ClInclude>
    <ClInclude Include="gui.h">
      <Filter>Header Files</Filter>
    </ClInclude>
    <ClInclude Include="mqtt_handler.h">
      <Filter>Header Files</Filter>
    </ClInclude>
    <ClInclude Include="robots_inbox_handler.h">
      <Filter>Header Files</Filter>
    </ClInclude>
    <ClInclude Include="robots_outbox_handler.h">
      <Filter>Header Files</Filter>
    </ClInclude>
    <ClInclude Include="simulation_handler.h">
      <Filter>Header Files</Filter>
    </ClInclude>
    <ClInclude Include="robot_connection_panel.h">
      <Filter>Header Files</Filter>
    </ClInclude>
    <ClInclude Include="Include\eigenmvn.h">
      <Filter>Header Files</Filter>
    </ClInclude>
    <ClInclude Include="Include\log.h">
      <Filter>Header Files</Filter>
    </ClInclude>
  </ItemGroup>
  <ItemGroup>
    <ClCompile Include="Src\grid_path_solver.cpp">
      <Filter>Source Files</Filter>
    </ClCompile>
    <ClCompile Include="Src\imgui-SFML.cpp">
      <Filter>Source Files</Filter>
    </ClCompile>
    <ClCompile Include="Src\MQTT.cpp">
      <Filter>Source Files</Filter>
    </ClCompile>
    <ClCompile Include="Src\panel.cpp">
      <Filter>Source Files</Filter>
    </ClCompile>
    <ClCompile Include="Src\panel_base.cpp">
      <Filter>Source Files</Filter>
    </ClCompile>
    <ClCompile Include="Src\window.cpp">
      <Filter>Source Files</Filter>
    </ClCompile>
    <ClCompile Include="main.cpp">
      <Filter>Source Files</Filter>
    </ClCompile>
    <ClCompile Include="Src\grid_util.cpp">
      <Filter>Source Files</Filter>
    </ClCompile>
    <ClCompile Include="Src\clicks.cpp">
      <Filter>Source Files</Filter>
    </ClCompile>
    <ClCompile Include="Src\obstructable_grid.cpp">
      <Filter>Source Files</Filter>
    </ClCompile>
    <ClCompile Include="Src\slam_grid.cpp">
      <Filter>Source Files</Filter>
    </ClCompile>
    <ClCompile Include="Src\MQTT_panel.cpp">
      <Filter>Source Files</Filter>
    </ClCompile>
    <ClCompile Include="Src\slam_message.cpp">
      <Filter>Source Files</Filter>
    </ClCompile>
    <ClCompile Include="Src\path.cpp">
      <Filter>Source Files</Filter>
    </ClCompile>
    <ClCompile Include="Src\lines.cpp">
      <Filter>Source Files</Filter>
    </ClCompile>
    <ClCompile Include="Src\slam_utility.cpp">
      <Filter>Source Files</Filter>
    </ClCompile>
    <ClCompile Include="Src\animated_line.cpp">
      <Filter>Source Files</Filter>
    </ClCompile>
    <ClCompile Include="Src\robot.cpp">
      <Filter>Source Files</Filter>
    </ClCompile>
    <ClCompile Include="Src\robots.cpp">
      <Filter>Source Files</Filter>
    </ClCompile>
    <ClCompile Include="Src\robot_simulation.cpp">
      <Filter>Source Files</Filter>
    </ClCompile>
    <ClCompile Include="Src\control_panel.cpp">
      <Filter>Source Files</Filter>
    </ClCompile>
    <ClCompile Include="Src\MQTT_utility.cpp">
      <Filter>Source Files</Filter>
    </ClCompile>
    <ClCompile Include="Src\grid.cpp">
      <Filter>Source Files</Filter>
    </ClCompile>
    <ClCompile Include="Src\squares.cpp">
      <Filter>Source Files</Filter>
    </ClCompile>
    <ClCompile Include="Src\square_grid.cpp">
      <Filter>Source Files</Filter>
    </ClCompile>
    <ClCompile Include="Src\particle.cpp">
      <Filter>Source Files</Filter>
    </ClCompile>
    <ClCompile Include="Src\init_robot_panel.cpp">
      <Filter>Source Files</Filter>
    </ClCompile>
    <ClCompile Include="Src\simulation_panel.cpp">
      <Filter>Source Files</Filter>
    </ClCompile>
    <ClCompile Include="Src\target_panel.cpp">
      <Filter>Source Files</Filter>
    </ClCompile>
    <ClCompile Include="Src\mqtt_handler.cpp">
      <Filter>Source Files</Filter>
    </ClCompile>
    <ClCompile Include="Src\robot_connection_panel.cpp">
      <Filter>Source Files</Filter>
    </ClCompile>
    <ClCompile Include="Src\robots_inbox_handler.cpp">
      <Filter>Source Files</Filter>
    </ClCompile>
    <ClCompile Include="Src\robots_outbox_handler.cpp">
      <Filter>Source Files</Filter>
    </ClCompile>
    <ClCompile Include="Src\simulation_handler.cpp">
      <Filter>Source Files</Filter>
    </ClCompile>
    <ClCompile Include="Src\gui.cpp">
      <Filter>Source Files</Filter>
    </ClCompile>
    <ClCompile Include="Src\log.cpp">
      <Filter>Source Files</Filter>
    </ClCompile>
  </ItemGroup>
  <ItemGroup>
    <ResourceCompile Include="SLAM-application.rc">
      <Filter>Resource Files</Filter>
    </ResourceCompile>
  </ItemGroup>
</Project>